{
  "version": 4,
  "terraform_version": "1.0.8",
  "serial": 69,
  "lineage": "b89169d6-a859-0470-46a1-909e8f298d5b",
  "outputs": {},
  "resources": [
    {
      "mode": "managed",
      "type": "google_folder",
      "name": "Finance",
      "provider": "provider[\"registry.terraform.io/hashicorp/google\"]",
      "instances": [
        {
          "schema_version": 0,
          "attributes": {
            "create_time": "2022-12-11T13:49:23.795Z",
            "display_name": "Finance",
            "folder_id": "121797654356",
            "id": "folders/121797654356",
            "lifecycle_state": "ACTIVE",
            "name": "folders/121797654356",
            "parent": "organizations/756642058321",
            "timeouts": null
          },
          "sensitive_attributes": [],
          "private": "eyJlMmJmYjczMC1lY2FhLTExZTYtOGY4OC0zNDM2M2JjN2M0YzAiOnsiY3JlYXRlIjoyNDAwMDAwMDAwMDAsImRlbGV0ZSI6MjQwMDAwMDAwMDAwLCJyZWFkIjoyNDAwMDAwMDAwMDAsInVwZGF0ZSI6MjQwMDAwMDAwMDAwfX0="
        }
      ]
    },
    {
      "mode": "managed",
      "type": "google_folder",
      "name": "SalesForce",
      "provider": "provider[\"registry.terraform.io/hashicorp/google\"]",
      "instances": [
        {
          "schema_version": 0,
          "attributes": {
            "create_time": "2022-12-11T13:49:37.312Z",
            "display_name": "SalesForce",
            "folder_id": "8049653953",
            "id": "folders/8049653953",
            "lifecycle_state": "ACTIVE",
            "name": "folders/8049653953",
            "parent": "folders/121797654356",
            "timeouts": null
          },
          "sensitive_attributes": [],
          "private": "eyJlMmJmYjczMC1lY2FhLTExZTYtOGY4OC0zNDM2M2JjN2M0YzAiOnsiY3JlYXRlIjoyNDAwMDAwMDAwMDAsImRlbGV0ZSI6MjQwMDAwMDAwMDAwLCJyZWFkIjoyNDAwMDAwMDAwMDAsInVwZGF0ZSI6MjQwMDAwMDAwMDAwfX0=",
          "dependencies": [
            "google_folder.Finance"
          ]
        }
      ]
    },
    {
      "mode": "managed",
      "type": "google_folder",
      "name": "dev",
      "provider": "provider[\"registry.terraform.io/hashicorp/google\"]",
      "instances": [
        {
          "schema_version": 0,
          "attributes": {
            "create_time": "2022-12-11T13:49:50.221Z",
            "display_name": "dev",
            "folder_id": "154665660451",
            "id": "folders/154665660451",
            "lifecycle_state": "ACTIVE",
            "name": "folders/154665660451",
            "parent": "folders/8049653953",
            "timeouts": null
          },
          "sensitive_attributes": [],
          "private": "eyJlMmJmYjczMC1lY2FhLTExZTYtOGY4OC0zNDM2M2JjN2M0YzAiOnsiY3JlYXRlIjoyNDAwMDAwMDAwMDAsImRlbGV0ZSI6MjQwMDAwMDAwMDAwLCJyZWFkIjoyNDAwMDAwMDAwMDAsInVwZGF0ZSI6MjQwMDAwMDAwMDAwfX0=",
          "dependencies": [
            "google_folder.Finance",
            "google_folder.SalesForce"
          ]
        }
      ]
    },
    {
      "mode": "managed",
      "type": "google_folder",
      "name": "prod",
      "provider": "provider[\"registry.terraform.io/hashicorp/google\"]",
      "instances": [
        {
          "schema_version": 0,
          "attributes": {
            "create_time": "2022-12-11T13:49:50.420Z",
            "display_name": "prod",
            "folder_id": "735803710283",
            "id": "folders/735803710283",
            "lifecycle_state": "ACTIVE",
            "name": "folders/735803710283",
            "parent": "folders/8049653953",
            "timeouts": null
          },
          "sensitive_attributes": [],
          "private": "eyJlMmJmYjczMC1lY2FhLTExZTYtOGY4OC0zNDM2M2JjN2M0YzAiOnsiY3JlYXRlIjoyNDAwMDAwMDAwMDAsImRlbGV0ZSI6MjQwMDAwMDAwMDAwLCJyZWFkIjoyNDAwMDAwMDAwMDAsInVwZGF0ZSI6MjQwMDAwMDAwMDAwfX0=",
          "dependencies": [
            "google_folder.Finance",
            "google_folder.SalesForce"
          ]
        }
      ]
    },
    {
      "mode": "managed",
      "type": "google_project",
      "name": "jcqueiroz4-salesforce-dev",
      "provider": "provider[\"registry.terraform.io/hashicorp/google\"]",
      "instances": [
        {
          "schema_version": 1,
          "attributes": {
            "auto_create_network": false,
            "billing_account": "011679-77322D-6BBCBE",
            "folder_id": "154665660451",
            "id": "projects/jcqueiroz4-salesforce-dev",
            "labels": null,
            "name": "SalesForce-Dev",
            "number": "681320006872",
            "org_id": "",
            "project_id": "jcqueiroz4-salesforce-dev",
            "skip_delete": null,
            "timeouts": null
          },
          "sensitive_attributes": [],
          "private": "eyJlMmJmYjczMC1lY2FhLTExZTYtOGY4OC0zNDM2M2JjN2M0YzAiOnsiY3JlYXRlIjo2MDAwMDAwMDAwMDAsImRlbGV0ZSI6NjAwMDAwMDAwMDAwLCJyZWFkIjo2MDAwMDAwMDAwMDAsInVwZGF0ZSI6NjAwMDAwMDAwMDAwfSwic2NoZW1hX3ZlcnNpb24iOiIxIn0=",
          "dependencies": [
            "google_folder.Finance",
            "google_folder.SalesForce",
            "google_folder.dev"
          ]
        }
      ]
    },
    {
      "mode": "managed",
      "type": "google_project",
      "name": "jcqueiroz4-salesforce-prod",
      "provider": "provider[\"registry.terraform.io/hashicorp/google\"]",
      "instances": [
        {
          "status": "tainted",
          "schema_version": 1,
          "attributes": {
            "auto_create_network": false,
            "billing_account": "",
            "folder_id": "735803710283",
            "id": "projects/jcqueiroz4-salesforce-prod",
            "labels": null,
            "name": "SalesForce-Prod",
            "number": null,
            "org_id": null,
            "project_id": "jcqueiroz4-salesforce-prod",
            "skip_delete": null,
            "timeouts": null
          },
          "sensitive_attributes": [],
          "private": "eyJlMmJmYjczMC1lY2FhLTExZTYtOGY4OC0zNDM2M2JjN2M0YzAiOnsiY3JlYXRlIjo2MDAwMDAwMDAwMDAsImRlbGV0ZSI6NjAwMDAwMDAwMDAwLCJyZWFkIjo2MDAwMDAwMDAwMDAsInVwZGF0ZSI6NjAwMDAwMDAwMDAwfSwic2NoZW1hX3ZlcnNpb24iOiIxIn0=",
          "dependencies": [
            "google_folder.Finance",
            "google_folder.SalesForce",
            "google_folder.prod"
          ]
        }
      ]
    }
  ]
}
